
Microsoft Visual Studio Solution File, Format Version 12.00
# Visual Studio Version 16
VisualStudioVersion = 16.0.31702.278
MinimumVisualStudioVersion = 10.0.40219.1
Project("{9A19103F-16F7-4668-BE54-9A1E7A4F7556}") = "VariantB", "VariantB\VariantB.csproj", "{B3809B41-1484-47DD-94EA-5B3120D79D38}"
EndProject
Global
	GlobalSection(SolutionConfigurationPlatforms) = preSolution
		Debug|Any CPU = Debug|Any CPU
		Release|Any CPU = Release|Any CPU
	EndGlobalSection
	GlobalSection(ProjectConfigurationPlatforms) = postSolution
		{B3809B41-1484-47DD-94EA-5B3120D79D38}.Debug|Any CPU.ActiveCfg = Debug|Any CPU
		{B3809B41-1484-47DD-94EA-5B3120D79D38}.Debug|Any CPU.Build.0 = Debug|Any CPU
		{B3809B41-1484-47DD-94EA-5B3120D79D38}.Release|Any CPU.ActiveCfg = Release|Any CPU
		{B3809B41-1484-47DD-94EA-5B3120D79D38}.Release|Any CPU.Build.0 = Release|Any CPU
	EndGlobalSection
	GlobalSection(SolutionProperties) = preSolution
		HideSolutionNode = FALSE
	EndGlobalSection
	GlobalSection(ExtensibilityGlobals) = postSolution
		SolutionGuid = {00D0B230-F5BA-40CC-954D-12D7EB7DE95D}
	EndGlobalSection
EndGlobal
